// !$*UTF8*$!
{
	archiveVersion = 1;
	classes = {
	};
	objectVersion = 46;
	objects = {

/* Begin PBXBuildFile section */
		C75D4EB81ADE40AE00BCE478 /* main.m in Sources */ = {isa = PBXBuildFile; fileRef = C75D4EB71ADE40AE00BCE478 /* main.m */; };
		C75D4EBB1ADE40AE00BCE478 /* AppDelegate.m in Sources */ = {isa = PBXBuildFile; fileRef = C75D4EBA1ADE40AE00BCE478 /* AppDelegate.m */; };
		C75D4EBE1ADE40AE00BCE478 /* ViewController.m in Sources */ = {isa = PBXBuildFile; fileRef = C75D4EBD1ADE40AE00BCE478 /* ViewController.m */; };
		C75D4EC11ADE40AE00BCE478 /* Main.storyboard in Resources */ = {isa = PBXBuildFile; fileRef = C75D4EBF1ADE40AE00BCE478 /* Main.storyboard */; };
		C75D4EC31ADE40AE00BCE478 /* Images.xcassets in Resources */ = {isa = PBXBuildFile; fileRef = C75D4EC21ADE40AE00BCE478 /* Images.xcassets */; };
		C75D4EC61ADE40AE00BCE478 /* LaunchScreen.xib in Resources */ = {isa = PBXBuildFile; fileRef = C75D4EC41ADE40AE00BCE478 /* LaunchScreen.xib */; };
		C75D4ED21ADE40AE00BCE478 /* SSBoxCollectionViewTests.m in Sources */ = {isa = PBXBuildFile; fileRef = C75D4ED11ADE40AE00BCE478 /* SSBoxCollectionViewTests.m */; };
/* End PBXBuildFile section */

/* Begin PBXContainerItemProxy section */
		C75D4ECC1ADE40AE00BCE478 /* PBXContainerItemProxy */ = {
			isa = PBXContainerItemProxy;
			containerPortal = C75D4EAA1ADE40AE00BCE478 /* Project object */;
			proxyType = 1;
			remoteGlobalIDString = C75D4EB11ADE40AE00BCE478;
			remoteInfo = SSBoxCollectionView;
		};
/* End PBXContainerItemProxy section */

/* Begin PBXFileReference section */
		C75D4EB21ADE40AE00BCE478 /* SSBoxCollectionView.app */ = {isa = PBXFileReference; explicitFileType = wrapper.application; includeInIndex = 0; path = SSBoxCollectionView.app; sourceTree = BUILT_PRODUCTS_DIR; };
		C75D4EB61ADE40AE00BCE478 /* Info.plist */ = {isa = PBXFileReference; lastKnownFileType = text.plist.xml; path = Info.plist; sourceTree = "<group>"; };
		C75D4EB71ADE40AE00BCE478 /* main.m */ = {isa = PBXFileReference; lastKnownFileType = sourcecode.c.objc; path = main.m; sourceTree = "<group>"; };
		C75D4EB91ADE40AE00BCE478 /* AppDelegate.h */ = {isa = PBXFileReference; lastKnownFileType = sourcecode.c.h; path = AppDelegate.h; sourceTree = "<group>"; };
		C75D4EBA1ADE40AE00BCE478 /* AppDelegate.m */ = {isa = PBXFileReference; lastKnownFileType = sourcecode.c.objc; path = AppDelegate.m; sourceTree = "<group>"; };
		C75D4EBC1ADE40AE00BCE478 /* ViewController.h */ = {isa = PBXFileReference; lastKnownFileType = sourcecode.c.h; path = ViewController.h; sourceTree = "<group>"; };
		C75D4EBD1ADE40AE00BCE478 /* ViewController.m */ = {isa = PBXFileReference; lastKnownFileType = sourcecode.c.objc; path = ViewController.m; sourceTree = "<group>"; };
		C75D4EC01ADE40AE00BCE478 /* Base */ = {isa = PBXFileReference; lastKnownFileType = file.storyboard; name = Base; path = Base.lproj/Main.storyboard; sourceTree = "<group>"; };
		C75D4EC21ADE40AE00BCE478 /* Images.xcassets */ = {isa = PBXFileReference; lastKnownFileType = folder.assetcatalog; path = Images.xcassets; sourceTree = "<group>"; };
		C75D4EC51ADE40AE00BCE478 /* Base */ = {isa = PBXFileReference; lastKnownFileType = file.xib; name = Base; path = Base.lproj/LaunchScreen.xib; sourceTree = "<group>"; };
		C75D4ECB1ADE40AE00BCE478 /* SSBoxCollectionViewTests.xctest */ = {isa = PBXFileReference; explicitFileType = wrapper.cfbundle; includeInIndex = 0; path = SSBoxCollectionViewTests.xctest; sourceTree = BUILT_PRODUCTS_DIR; };
		C75D4ED01ADE40AE00BCE478 /* Info.plist */ = {isa = PBXFileReference; lastKnownFileType = text.plist.xml; path = Info.plist; sourceTree = "<group>"; };
		C75D4ED11ADE40AE00BCE478 /* SSBoxCollectionViewTests.m */ = {isa = PBXFileReference; lastKnownFileType = sourcecode.c.objc; path = SSBoxCollectionViewTests.m; sourceTree = "<group>"; };
/* End PBXFileReference section */

/* Begin PBXFrameworksBuildPhase section */
		C75D4EAF1ADE40AE00BCE478 /* Frameworks */ = {
			isa = PBXFrameworksBuildPhase;
			buildActionMask = 2147483647;
			files = (
			);
			runOnlyForDeploymentPostprocessing = 0;
		};
		C75D4EC81ADE40AE00BCE478 /* Frameworks */ = {
			isa = PBXFrameworksBuildPhase;
			buildActionMask = 2147483647;
			files = (
			);
			runOnlyForDeploymentPostprocessing = 0;
		};
/* End PBXFrameworksBuildPhase section */

/* Begin PBXGroup section */
		C75D4EA91ADE40AE00BCE478 = {
			isa = PBXGroup;
			children = (
				C75D4EB41ADE40AE00BCE478 /* SSBoxCollectionView */,
				C75D4ECE1ADE40AE00BCE478 /* SSBoxCollectionViewTests */,
				C75D4EB31ADE40AE00BCE478 /* Products */,
			);
			sourceTree = "<group>";
		};
		C75D4EB31ADE40AE00BCE478 /* Products */ = {
			isa = PBXGroup;
			children = (
				C75D4EB21ADE40AE00BCE478 /* SSBoxCollectionView.app */,
				C75D4ECB1ADE40AE00BCE478 /* SSBoxCollectionViewTests.xctest */,
			);
			name = Products;
			sourceTree = "<group>";
		};
		C75D4EB41ADE40AE00BCE478 /* SSBoxCollectionView */ = {
			isa = PBXGroup;
			children = (
				C75D4EB91ADE40AE00BCE478 /* AppDelegate.h */,
				C75D4EBA1ADE40AE00BCE478 /* AppDelegate.m */,
				C75D4EBC1ADE40AE00BCE478 /* ViewController.h */,
				C75D4EBD1ADE40AE00BCE478 /* ViewController.m */,
				C75D4EBF1ADE40AE00BCE478 /* Main.storyboard */,
				C75D4EC21ADE40AE00BCE478 /* Images.xcassets */,
				C75D4EC41ADE40AE00BCE478 /* LaunchScreen.xib */,
				C75D4EB51ADE40AE00BCE478 /* Supporting Files */,
			);
			path = SSBoxCollectionView;
			sourceTree = "<group>";
		};
		C75D4EB51ADE40AE00BCE478 /* Supporting Files */ = {
			isa = PBXGroup;
			children = (
				C75D4EB61ADE40AE00BCE478 /* Info.plist */,
				C75D4EB71ADE40AE00BCE478 /* main.m */,
			);
			name = "Supporting Files";
			sourceTree = "<group>";
		};
		C75D4ECE1ADE40AE00BCE478 /* SSBoxCollectionViewTests */ = {
			isa = PBXGroup;
			children = (
				C75D4ED11ADE40AE00BCE478 /* SSBoxCollectionViewTests.m */,
				C75D4ECF1ADE40AE00BCE478 /* Supporting Files */,
			);
			path = SSBoxCollectionViewTests;
			sourceTree = "<group>";
		};
		C75D4ECF1ADE40AE00BCE478 /* Supporting Files */ = {
			isa = PBXGroup;
			children = (
				C75D4ED01ADE40AE00BCE478 /* Info.plist */,
			);
			name = "Supporting Files";
			sourceTree = "<group>";
		};
/* End PBXGroup section */

/* Begin PBXNativeTarget section */
		C75D4EB11ADE40AE00BCE478 /* SSBoxCollectionView */ = {
			isa = PBXNativeTarget;
			buildConfigurationList = C75D4ED51ADE40AE00BCE478 /* Build configuration list for PBXNativeTarget "SSBoxCollectionView" */;
			buildPhases = (
				C75D4EAE1ADE40AE00BCE478 /* Sources */,
				C75D4EAF1ADE40AE00BCE478 /* Frameworks */,
				C75D4EB01ADE40AE00BCE478 /* Resources */,
			);
			buildRules = (
			);
			dependencies = (
			);
			name = SSBoxCollectionView;
			productName = SSBoxCollectionView;
			productReference = C75D4EB21ADE40AE00BCE478 /* SSBoxCollectionView.app */;
			productType = "com.apple.product-type.application";
		};
		C75D4ECA1ADE40AE00BCE478 /* SSBoxCollectionViewTests */ = {
			isa = PBXNativeTarget;
			buildConfigurationList = C75D4ED81ADE40AE00BCE478 /* Build configuration list for PBXNativeTarget "SSBoxCollectionViewTests" */;
			buildPhases = (
				C75D4EC71ADE40AE00BCE478 /* Sources */,
				C75D4EC81ADE40AE00BCE478 /* Frameworks */,
				C75D4EC91ADE40AE00BCE478 /* Resources */,
			);
			buildRules = (
			);
			dependencies = (
				C75D4ECD1ADE40AE00BCE478 /* PBXTargetDependency */,
			);
			name = SSBoxCollectionViewTests;
			productName = SSBoxCollectionViewTests;
			productReference = C75D4ECB1ADE40AE00BCE478 /* SSBoxCollectionViewTests.xctest */;
			productType = "com.apple.product-type.bundle.unit-test";
		};
/* End PBXNativeTarget section */

/* Begin PBXProject section */
		C75D4EAA1ADE40AE00BCE478 /* Project object */ = {
			isa = PBXProject;
			attributes = {
				LastUpgradeCheck = 0620;
				ORGANIZATIONNAME = "Sopan Sharma";
				TargetAttributes = {
					C75D4EB11ADE40AE00BCE478 = {
						CreatedOnToolsVersion = 6.2;
					};
					C75D4ECA1ADE40AE00BCE478 = {
						CreatedOnToolsVersion = 6.2;
						TestTargetID = C75D4EB11ADE40AE00BCE478;
					};
				};
			};
			buildConfigurationList = C75D4EAD1ADE40AE00BCE478 /* Build configuration list for PBXProject "SSBoxCollectionView" */;
			compatibilityVersion = "Xcode 3.2";
			developmentRegion = English;
			hasScannedForEncodings = 0;
			knownRegions = (
				en,
				Base,
			);
			mainGroup = C75D4EA91ADE40AE00BCE478;
			productRefGroup = C75D4EB31ADE40AE00BCE478 /* Products */;
			projectDirPath = "";
			projectRoot = "";
			targets = (
				C75D4EB11ADE40AE00BCE478 /* SSBoxCollectionView */,
				C75D4ECA1ADE40AE00BCE478 /* SSBoxCollectionViewTests */,
			);
		};
/* End PBXProject section */

/* Begin PBXResourcesBuildPhase section */
		C75D4EB01ADE40AE00BCE478 /* Resources */ = {
			isa = PBXResourcesBuildPhase;
			buildActionMask = 2147483647;
			files = (
				C75D4EC11ADE40AE00BCE478 /* Main.storyboard in Resources */,
				C75D4EC61ADE40AE00BCE478 /* LaunchScreen.xib in Resources */,
				C75D4EC31ADE40AE00BCE478 /* Images.xcassets in Resources */,
			);
			runOnlyForDeploymentPostprocessing = 0;
		};
		C75D4EC91ADE40AE00BCE478 /* Resources */ = {
			isa = PBXResourcesBuildPhase;
			buildActionMask = 2147483647;
			files = (
			);
			runOnlyForDeploymentPostprocessing = 0;
		};
/* End PBXResourcesBuildPhase section */

/* Begin PBXSourcesBuildPhase section */
		C75D4EAE1ADE40AE00BCE478 /* Sources */ = {
			isa = PBXSourcesBuildPhase;
			buildActionMask = 2147483647;
			files = (
				C75D4EBE1ADE40AE00BCE478 /* ViewController.m in Sources */,
				C75D4EBB1ADE40AE00BCE478 /* AppDelegate.m in Sources */,
				C75D4EB81ADE40AE00BCE478 /* main.m in Sources */,
			);
			runOnlyForDeploymentPostprocessing = 0;
		};
		C75D4EC71ADE40AE00BCE478 /* Sources */ = {
			isa = PBXSourcesBuildPhase;
			buildActionMask = 2147483647;
			files = (
				C75D4ED21ADE40AE00BCE478 /* SSBoxCollectionViewTests.m in Sources */,
			);
			runOnlyForDeploymentPostprocessing = 0;
		};
/* End PBXSourcesBuildPhase section */

/* Begin PBXTargetDependency section */
		C75D4ECD1ADE40AE00BCE478 /* PBXTargetDependency */ = {
			isa = PBXTargetDependency;
			target = C75D4EB11ADE40AE00BCE478 /* SSBoxCollectionView */;
			targetProxy = C75D4ECC1ADE40AE00BCE478 /* PBXContainerItemProxy */;
		};
/* End PBXTargetDependency section */

/* Begin PBXVariantGroup section */
		C75D4EBF1ADE40AE00BCE478 /* Main.storyboard */ = {
			isa = PBXVariantGroup;
			children = (
				C75D4EC01ADE40AE00BCE478 /* Base */,
			);
			name = Main.storyboard;
			sourceTree = "<group>";
		};
		C75D4EC41ADE40AE00BCE478 /* LaunchScreen.xib */ = {
			isa = PBXVariantGroup;
			children = (
				C75D4EC51ADE40AE00BCE478 /* Base */,
			);
			name = LaunchScreen.xib;
			sourceTree = "<group>";
		};
/* End PBXVariantGroup section */

/* Begin XCBuildConfiguration section */
		C75D4ED31ADE40AE00BCE478 /* Debug */ = {
			isa = XCBuildConfiguration;
			buildSettings = {
				ALWAYS_SEARCH_USER_PATHS = NO;
				CLANG_CXX_LANGUAGE_STANDARD = "gnu++0x";
				CLANG_CXX_LIBRARY = "libc++";
				CLANG_ENABLE_MODULES = YES;
				CLANG_ENABLE_OBJC_ARC = YES;
				CLANG_WARN_BOOL_CONVERSION = YES;
				CLANG_WARN_CONSTANT_CONVERSION = YES;
				CLANG_WARN_DIRECT_OBJC_ISA_USAGE = YES_ERROR;
				CLANG_WARN_EMPTY_BODY = YES;
				CLANG_WARN_ENUM_CONVERSION = YES;
				CLANG_WARN_INT_CONVERSION = YES;
				CLANG_WARN_OBJC_ROOT_CLASS = YES_ERROR;
				CLANG_WARN_UNREACHABLE_CODE = YES;
				CLANG_WARN__DUPLICATE_METHOD_MATCH = YES;
				"CODE_SIGN_IDENTITY[sdk=iphoneos*]" = "iPhone Developer";
				COPY_PHASE_STRIP = NO;
				ENABLE_STRICT_OBJC_MSGSEND = YES;
				GCC_C_LANGUAGE_STANDARD = gnu99;
				GCC_DYNAMIC_NO_PIC = NO;
				GCC_OPTIMIZATION_LEVEL = 0;
				GCC_PREPROCESSOR_DEFINITIONS = (
					"DEBUG=1",
					"$(inherited)",
				);
				GCC_SYMBOLS_PRIVATE_EXTERN = NO;
				GCC_WARN_64_TO_32_BIT_CONVERSION = YES;
				GCC_WARN_ABOUT_RETURN_TYPE = YES_ERROR;
				GCC_WARN_UNDECLARED_SELECTOR = YES;
				GCC_WARN_UNINITIALIZED_AUTOS = YES_AGGRESSIVE;
				GCC_WARN_UNUSED_FUNCTION = YES;
				GCC_WARN_UNUSED_VARIABLE = YES;
				IPHONEOS_DEPLOYMENT_TARGET = 8.2;
				MTL_ENABLE_DEBUG_INFO = YES;
				ONLY_ACTIVE_ARCH = YES;
				SDKROOT = iphoneos;
				TARGETED_DEVICE_FAMILY = "1,2";
			};
			name = Debug;
		};
		C75D4ED41ADE40AE00BCE478 /* Release */ = {
			isa = XCBuildConfiguration;
			buildSettings = {
				ALWAYS_SEARCH_USER_PATHS = NO;
				CLANG_CXX_LANGUAGE_STANDARD = "gnu++0x";
				CLANG_CXX_LIBRARY = "libc++";
				CLANG_ENABLE_MODULES = YES;
				CLANG_ENABLE_OBJC_ARC = YES;
				CLANG_WARN_BOOL_CONVERSION = YES;
				CLANG_WARN_CONSTANT_CONVERSION = YES;
				CLANG_WARN_DIRECT_OBJC_ISA_USAGE = YES_ERROR;
				CLANG_WARN_EMPTY_BODY = YES;
				CLANG_WARN_ENUM_CONVERSION = YES;
				CLANG_WARN_INT_CONVERSION = YES;
				CLANG_WARN_OBJC_ROOT_CLASS = YES_ERROR;
				CLANG_WARN_UNREACHABLE_CODE = YES;
				CLANG_WARN__DUPLICATE_METHOD_MATCH = YES;
				"CODE_SIGN_IDENTITY[sdk=iphoneos*]" = "iPhone Developer";
				COPY_PHASE_STRIP = NO;
				ENABLE_NS_ASSERTIONS = NO;
				ENABLE_STRICT_OBJC_MSGSEND = YES;
				GCC_C_LANGUAGE_STANDARD = gnu99;
				GCC_WARN_64_TO_32_BIT_CONVERSION = YES;
				GCC_WARN_ABOUT_RETURN_TYPE = YES_ERROR;
				GCC_WARN_UNDECLARED_SELECTOR = YES;
				GCC_WARN_UNINITIALIZED_AUTOS = YES_AGGRESSIVE;
				GCC_WARN_UNUSED_FUNCTION = YES;
				GCC_WARN_UNUSED_VARIABLE = YES;
				IPHONEOS_DEPLOYMENT_TARGET = 8.2;
				MTL_ENABLE_DEBUG_INFO = NO;
				SDKROOT = iphoneos;
				TARGETED_DEVICE_FAMILY = "1,2";
				VALIDATE_PRODUCT = YES;
			};
			name = Release;
		};
		C75D4ED61ADE40AE00BCE478 /* Debug */ = {
			isa = XCBuildConfiguration;
			buildSettings = {
				ASSETCATALOG_COMPILER_APPICON_NAME = AppIcon;
				INFOPLIST_FILE = SSBoxCollectionView/Info.plist;
				LD_RUNPATH_SEARCH_PATHS = "$(inherited) @executable_path/Frameworks";
				PRODUCT_NAME = "$(TARGET_NAME)";
			};
			name = Debug;
		};
		C75D4ED71ADE40AE00BCE478 /* Release */ = {
			isa = XCBuildConfiguration;
			buildSettings = {
				ASSETCATALOG_COMPILER_APPICON_NAME = AppIcon;
				INFOPLIST_FILE = SSBoxCollectionView/Info.plist;
				LD_RUNPATH_SEARCH_PATHS = "$(inherited) @executable_path/Frameworks";
				PRODUCT_NAME = "$(TARGET_NAME)";
			};
			name = Release;
		};
		C75D4ED91ADE40AE00BCE478 /* Debug */ = {
			isa = XCBuildConfiguration;
			buildSettings = {
				BUNDLE_LOADER = "$(TEST_HOST)";
				FRAMEWORK_SEARCH_PATHS = (
					"$(SDKROOT)/Developer/Library/Frameworks",
					"$(inherited)",
				);
				GCC_PREPROCESSOR_DEFINITIONS = (
					"DEBUG=1",
					"$(inherited)",
				);
				INFOPLIST_FILE = SSBoxCollectionViewTests/Info.plist;
				LD_RUNPATH_SEARCH_PATHS = "$(inherited) @executable_path/Frameworks @loader_path/Frameworks";
				PRODUCT_NAME = "$(TARGET_NAME)";
				TEST_HOST = "$(BUILT_PRODUCTS_DIR)/SSBoxCollectionView.app/SSBoxCollectionView";
			};
			name = Debug;
		};
		C75D4EDA1ADE40AE00BCE478 /* Release */ = {
			isa = XCBuildConfiguration;
			buildSettings = {
				BUNDLE_LOADER = "$(TEST_HOST)";
				FRAMEWORK_SEARCH_PATHS = (
					"$(SDKROOT)/Developer/Library/Frameworks",
					"$(inherited)",
				);
				INFOPLIST_FILE = SSBoxCollectionViewTests/Info.plist;
				LD_RUNPATH_SEARCH_PATHS = "$(inherited) @executable_path/Frameworks @loader_path/Frameworks";
				PRODUCT_NAME = "$(TARGET_NAME)";
				TEST_HOST = "$(BUILT_PRODUCTS_DIR)/SSBoxCollectionView.app/SSBoxCollectionView";
			};
			name = Release;
		};
/* End XCBuildConfiguration section */

/* Begin XCConfigurationList section */
		C75D4EAD1ADE40AE00BCE478 /* Build configuration list for PBXProject "SSBoxCollectionView" */ = {
			isa = XCConfigurationList;
			buildConfigurations = (
				C75D4ED31ADE40AE00BCE478 /* Debug */,
				C75D4ED41ADE40AE00BCE478 /* Release */,
			);
			defaultConfigurationIsVisible = 0;
			defaultConfigurationName = Release;
		};
		C75D4ED51ADE40AE00BCE478 /* Build configuration list for PBXNativeTarget "SSBoxCollectionView" */ = {
			isa = XCConfigurationList;
			buildConfigurations = (
				C75D4ED61ADE40AE00BCE478 /* Debug */,
				C75D4ED71ADE40AE00BCE478 /* Release */,
			);
			defaultConfigurationIsVisible = 0;
		};
		C75D4ED81ADE40AE00BCE478 /* Build configuration list for PBXNativeTarget "SSBoxCollectionViewTests" */ = {
			isa = XCConfigurationList;
			buildConfigurations = (
				C75D4ED91ADE40AE00BCE478 /* Debug */,
				C75D4EDA1ADE40AE00BCE478 /* Release */,
			);
			defaultConfigurationIsVisible = 0;
		};
/* End XCConfigurationList section */
	};
	rootObject = C75D4EAA1ADE40AE00BCE478 /* Project object */;
}
